
Microsoft Visual Studio Solution File, Format Version 12.00
# Visual Studio Version 17
VisualStudioVersion = 17.10.35013.160
MinimumVisualStudioVersion = 10.0.40219.1
Project("{FAE04EC0-301F-11D3-BF4B-00C04F79EFBC}") = "InentorySystem", "InentorySystem\InentorySystem.csproj", "{C8E31B12-A357-4D0E-8163-31B3EA942977}"
	ProjectSection(ProjectDependencies) = postProject
		{31600D9D-3CC3-4202-95EC-6D3C962A2DE3} = {31600D9D-3CC3-4202-95EC-6D3C962A2DE3}
	EndProjectSection
EndProject
Project("{FAE04EC0-301F-11D3-BF4B-00C04F79EFBC}") = "ProductLibrary", "ProductLibrary\ProductLibrary.csproj", "{D931C34E-BB78-42E4-9F24-A1FEC67945A0}"
EndProject
Project("{FAE04EC0-301F-11D3-BF4B-00C04F79EFBC}") = "ProductAPI", "ProductAPI\ProductAPI.csproj", "{31600D9D-3CC3-4202-95EC-6D3C962A2DE3}"
EndProject
Project("{FAE04EC0-301F-11D3-BF4B-00C04F79EFBC}") = "WindowsService", "WindowsService\WindowsService.csproj", "{60343E37-25E8-4CAB-A0AE-02DF3BBB7190}"
EndProject
Project("{FAE04EC0-301F-11D3-BF4B-00C04F79EFBC}") = "ConsoleApp1", "ConsoleApp1\ConsoleApp1.csproj", "{DBB3A5F9-EE76-4FAD-AD1E-C4F8A488C094}"
EndProject
Project("{FAE04EC0-301F-11D3-BF4B-00C04F79EFBC}") = "TestAPI", "TestAPI\TestAPI.csproj", "{833071C9-D47B-4CD4-96B7-9B603EC1C587}"
EndProject
Global
	GlobalSection(SolutionConfigurationPlatforms) = preSolution
		Debug|Any CPU = Debug|Any CPU
		Release|Any CPU = Release|Any CPU
	EndGlobalSection
	GlobalSection(ProjectConfigurationPlatforms) = postSolution
		{C8E31B12-A357-4D0E-8163-31B3EA942977}.Debug|Any CPU.ActiveCfg = Debug|Any CPU
		{C8E31B12-A357-4D0E-8163-31B3EA942977}.Debug|Any CPU.Build.0 = Debug|Any CPU
		{C8E31B12-A357-4D0E-8163-31B3EA942977}.Release|Any CPU.ActiveCfg = Release|Any CPU
		{C8E31B12-A357-4D0E-8163-31B3EA942977}.Release|Any CPU.Build.0 = Release|Any CPU
		{D931C34E-BB78-42E4-9F24-A1FEC67945A0}.Debug|Any CPU.ActiveCfg = Debug|Any CPU
		{D931C34E-BB78-42E4-9F24-A1FEC67945A0}.Debug|Any CPU.Build.0 = Debug|Any CPU
		{D931C34E-BB78-42E4-9F24-A1FEC67945A0}.Release|Any CPU.ActiveCfg = Release|Any CPU
		{D931C34E-BB78-42E4-9F24-A1FEC67945A0}.Release|Any CPU.Build.0 = Release|Any CPU
		{31600D9D-3CC3-4202-95EC-6D3C962A2DE3}.Debug|Any CPU.ActiveCfg = Debug|Any CPU
		{31600D9D-3CC3-4202-95EC-6D3C962A2DE3}.Debug|Any CPU.Build.0 = Debug|Any CPU
		{31600D9D-3CC3-4202-95EC-6D3C962A2DE3}.Release|Any CPU.ActiveCfg = Release|Any CPU
		{31600D9D-3CC3-4202-95EC-6D3C962A2DE3}.Release|Any CPU.Build.0 = Release|Any CPU
		{60343E37-25E8-4CAB-A0AE-02DF3BBB7190}.Debug|Any CPU.ActiveCfg = Debug|Any CPU
		{60343E37-25E8-4CAB-A0AE-02DF3BBB7190}.Debug|Any CPU.Build.0 = Debug|Any CPU
		{60343E37-25E8-4CAB-A0AE-02DF3BBB7190}.Release|Any CPU.ActiveCfg = Release|Any CPU
		{60343E37-25E8-4CAB-A0AE-02DF3BBB7190}.Release|Any CPU.Build.0 = Release|Any CPU
		{DBB3A5F9-EE76-4FAD-AD1E-C4F8A488C094}.Debug|Any CPU.ActiveCfg = Debug|Any CPU
		{DBB3A5F9-EE76-4FAD-AD1E-C4F8A488C094}.Debug|Any CPU.Build.0 = Debug|Any CPU
		{DBB3A5F9-EE76-4FAD-AD1E-C4F8A488C094}.Release|Any CPU.ActiveCfg = Release|Any CPU
		{DBB3A5F9-EE76-4FAD-AD1E-C4F8A488C094}.Release|Any CPU.Build.0 = Release|Any CPU
		{833071C9-D47B-4CD4-96B7-9B603EC1C587}.Debug|Any CPU.ActiveCfg = Debug|Any CPU
		{833071C9-D47B-4CD4-96B7-9B603EC1C587}.Debug|Any CPU.Build.0 = Debug|Any CPU
		{833071C9-D47B-4CD4-96B7-9B603EC1C587}.Release|Any CPU.ActiveCfg = Release|Any CPU
		{833071C9-D47B-4CD4-96B7-9B603EC1C587}.Release|Any CPU.Build.0 = Release|Any CPU
	EndGlobalSection
	GlobalSection(SolutionProperties) = preSolution
		HideSolutionNode = FALSE
	EndGlobalSection
	GlobalSection(ExtensibilityGlobals) = postSolution
		SolutionGuid = {D34FEB3C-F01C-4FBF-9860-D383066C3857}
	EndGlobalSection
EndGlobal
